
Microsoft Visual Studio Solution File, Format Version 12.00
# Visual Studio Version 17
VisualStudioVersion = 17.2.32616.157
MinimumVisualStudioVersion = 10.0.40219.1
Project("{2150E333-8FDC-42A3-9474-1A3956D46DE8}") = "ShopManagement", "ShopManagement", "{1DA19C8C-957A-4025-92D5-3BA44B7D1D75}"
EndProject
Project("{2150E333-8FDC-42A3-9474-1A3956D46DE8}") = "SM.Domain", "SM.Domain", "{481FDC03-5FE0-4409-A023-357353776060}"
EndProject
Project("{9A19103F-16F7-4668-BE54-9A1E7A4F7556}") = "ShopMagement.Domain", "ShopMagement.Domain\ShopMagement.Domain.csproj", "{26B0C032-9DE1-48A1-B6C7-9A37F0CF4740}"
EndProject
Project("{9A19103F-16F7-4668-BE54-9A1E7A4F7556}") = "0_Framwork", "0_Framwork\0_Framwork.csproj", "{8F1A2F5E-6A1B-4FA3-A94E-1E9FD7142C38}"
EndProject
Project("{2150E333-8FDC-42A3-9474-1A3956D46DE8}") = "SM.Application", "SM.Application", "{48686D09-4E2D-4012-ACBA-137184A39E87}"
EndProject
Project("{9A19103F-16F7-4668-BE54-9A1E7A4F7556}") = "ShopManagement.Application.Contracts", "ShopManagement.Application.Contracts\ShopManagement.Application.Contracts.csproj", "{D052128B-0E00-4EA6-9B74-3D09B3E81A6E}"
EndProject
Project("{9A19103F-16F7-4668-BE54-9A1E7A4F7556}") = "ShopManagement.Application", "ShopManagement.Application\ShopManagement.Application.csproj", "{E29AADA7-F9FC-45DA-B783-EEA32E205D9A}"
EndProject
Project("{2150E333-8FDC-42A3-9474-1A3956D46DE8}") = "SM.Infrastructure", "SM.Infrastructure", "{38678553-D221-4420-8A4F-36BAD206B957}"
EndProject
Project("{9A19103F-16F7-4668-BE54-9A1E7A4F7556}") = "ShopManagement.Infrastructure.EFCore", "ShopManagement.Infrastructure.EFCore\ShopManagement.Infrastructure.EFCore.csproj", "{82303D14-6A53-4777-89B3-5D9ED0F357A2}"
EndProject
Project("{2150E333-8FDC-42A3-9474-1A3956D46DE8}") = "Solution Items", "Solution Items", "{57BA8244-6CAF-4EC6-AB2F-E0C14322A621}"
	ProjectSection(SolutionItems) = preProject
		.editorconfig = .editorconfig
	EndProjectSection
EndProject
Project("{9A19103F-16F7-4668-BE54-9A1E7A4F7556}") = "ServiceHost", "ServiceHost\ServiceHost.csproj", "{FDBB567D-ADDB-4E10-BCBE-4B7A126537AF}"
EndProject
Project("{9A19103F-16F7-4668-BE54-9A1E7A4F7556}") = "01_LampshadeQuery", "01_LampShadeQuery\01_LampshadeQuery.csproj", "{5F4A68C6-1817-41EA-8476-58D38BD8FEB6}"
EndProject
Project("{2150E333-8FDC-42A3-9474-1A3956D46DE8}") = "DiscountManagement", "DiscountManagement", "{B60EB396-9DC3-4A61-95B5-73E14AE52103}"
EndProject
Project("{2150E333-8FDC-42A3-9474-1A3956D46DE8}") = "DM.Domain", "DM.Domain", "{C7404E01-9816-443F-B067-C3318F4E5F0F}"
EndProject
Project("{2150E333-8FDC-42A3-9474-1A3956D46DE8}") = "DM.Application", "DM.Application", "{C4CDF2EA-7BA9-4C70-915C-A355BE33D858}"
EndProject
Project("{2150E333-8FDC-42A3-9474-1A3956D46DE8}") = "DM.Infrastructure", "DM.Infrastructure", "{D862718F-2AE2-4ECC-B397-3CEA20188C2D}"
EndProject
Project("{FAE04EC0-301F-11D3-BF4B-00C04F79EFBC}") = "DiscountManagement.Application", "DiscountManagement.Application\DiscountManagement.Application.csproj", "{51712FD7-14E7-45EA-BF32-B5D71F5E5ACC}"
EndProject
Project("{FAE04EC0-301F-11D3-BF4B-00C04F79EFBC}") = "DiscountManagement.Application.Contract", "DiscountManagement.Application.Contract\DiscountManagement.Application.Contract.csproj", "{8CC10D81-CB7C-40C1-AA74-477CAABE6ED2}"
EndProject
Project("{FAE04EC0-301F-11D3-BF4B-00C04F79EFBC}") = "DiscountManagement.Domain", "DiscountManagement.Domain\DiscountManagement.Domain.csproj", "{6C504345-D9FA-4DED-9E4A-23DC64921E5A}"
EndProject
Project("{FAE04EC0-301F-11D3-BF4B-00C04F79EFBC}") = "DiscountManagement.Infrastructure.EFCore", "DiscountManagement.Infrastructure.EFCore\DiscountManagement.Infrastructure.EFCore.csproj", "{74490B38-5B46-4BF0-9574-C993630B9B00}"
EndProject
Global
	GlobalSection(SolutionConfigurationPlatforms) = preSolution
		Debug|Any CPU = Debug|Any CPU
		Release|Any CPU = Release|Any CPU
	EndGlobalSection
	GlobalSection(ProjectConfigurationPlatforms) = postSolution
		{26B0C032-9DE1-48A1-B6C7-9A37F0CF4740}.Debug|Any CPU.ActiveCfg = Debug|Any CPU
		{26B0C032-9DE1-48A1-B6C7-9A37F0CF4740}.Debug|Any CPU.Build.0 = Debug|Any CPU
		{26B0C032-9DE1-48A1-B6C7-9A37F0CF4740}.Release|Any CPU.ActiveCfg = Release|Any CPU
		{26B0C032-9DE1-48A1-B6C7-9A37F0CF4740}.Release|Any CPU.Build.0 = Release|Any CPU
		{8F1A2F5E-6A1B-4FA3-A94E-1E9FD7142C38}.Debug|Any CPU.ActiveCfg = Debug|Any CPU
		{8F1A2F5E-6A1B-4FA3-A94E-1E9FD7142C38}.Debug|Any CPU.Build.0 = Debug|Any CPU
		{8F1A2F5E-6A1B-4FA3-A94E-1E9FD7142C38}.Release|Any CPU.ActiveCfg = Release|Any CPU
		{8F1A2F5E-6A1B-4FA3-A94E-1E9FD7142C38}.Release|Any CPU.Build.0 = Release|Any CPU
		{D052128B-0E00-4EA6-9B74-3D09B3E81A6E}.Debug|Any CPU.ActiveCfg = Debug|Any CPU
		{D052128B-0E00-4EA6-9B74-3D09B3E81A6E}.Debug|Any CPU.Build.0 = Debug|Any CPU
		{D052128B-0E00-4EA6-9B74-3D09B3E81A6E}.Release|Any CPU.ActiveCfg = Release|Any CPU
		{D052128B-0E00-4EA6-9B74-3D09B3E81A6E}.Release|Any CPU.Build.0 = Release|Any CPU
		{E29AADA7-F9FC-45DA-B783-EEA32E205D9A}.Debug|Any CPU.ActiveCfg = Debug|Any CPU
		{E29AADA7-F9FC-45DA-B783-EEA32E205D9A}.Debug|Any CPU.Build.0 = Debug|Any CPU
		{E29AADA7-F9FC-45DA-B783-EEA32E205D9A}.Release|Any CPU.ActiveCfg = Release|Any CPU
		{E29AADA7-F9FC-45DA-B783-EEA32E205D9A}.Release|Any CPU.Build.0 = Release|Any CPU
		{82303D14-6A53-4777-89B3-5D9ED0F357A2}.Debug|Any CPU.ActiveCfg = Debug|Any CPU
		{82303D14-6A53-4777-89B3-5D9ED0F357A2}.Debug|Any CPU.Build.0 = Debug|Any CPU
		{82303D14-6A53-4777-89B3-5D9ED0F357A2}.Release|Any CPU.ActiveCfg = Release|Any CPU
		{82303D14-6A53-4777-89B3-5D9ED0F357A2}.Release|Any CPU.Build.0 = Release|Any CPU
		{FDBB567D-ADDB-4E10-BCBE-4B7A126537AF}.Debug|Any CPU.ActiveCfg = Debug|Any CPU
		{FDBB567D-ADDB-4E10-BCBE-4B7A126537AF}.Debug|Any CPU.Build.0 = Debug|Any CPU
		{FDBB567D-ADDB-4E10-BCBE-4B7A126537AF}.Release|Any CPU.ActiveCfg = Release|Any CPU
		{FDBB567D-ADDB-4E10-BCBE-4B7A126537AF}.Release|Any CPU.Build.0 = Release|Any CPU
		{5F4A68C6-1817-41EA-8476-58D38BD8FEB6}.Debug|Any CPU.ActiveCfg = Debug|Any CPU
		{5F4A68C6-1817-41EA-8476-58D38BD8FEB6}.Debug|Any CPU.Build.0 = Debug|Any CPU
		{5F4A68C6-1817-41EA-8476-58D38BD8FEB6}.Release|Any CPU.ActiveCfg = Release|Any CPU
		{5F4A68C6-1817-41EA-8476-58D38BD8FEB6}.Release|Any CPU.Build.0 = Release|Any CPU
		{51712FD7-14E7-45EA-BF32-B5D71F5E5ACC}.Debug|Any CPU.ActiveCfg = Debug|Any CPU
		{51712FD7-14E7-45EA-BF32-B5D71F5E5ACC}.Debug|Any CPU.Build.0 = Debug|Any CPU
		{51712FD7-14E7-45EA-BF32-B5D71F5E5ACC}.Release|Any CPU.ActiveCfg = Release|Any CPU
		{51712FD7-14E7-45EA-BF32-B5D71F5E5ACC}.Release|Any CPU.Build.0 = Release|Any CPU
		{8CC10D81-CB7C-40C1-AA74-477CAABE6ED2}.Debug|Any CPU.ActiveCfg = Debug|Any CPU
		{8CC10D81-CB7C-40C1-AA74-477CAABE6ED2}.Debug|Any CPU.Build.0 = Debug|Any CPU
		{8CC10D81-CB7C-40C1-AA74-477CAABE6ED2}.Release|Any CPU.ActiveCfg = Release|Any CPU
		{8CC10D81-CB7C-40C1-AA74-477CAABE6ED2}.Release|Any CPU.Build.0 = Release|Any CPU
		{6C504345-D9FA-4DED-9E4A-23DC64921E5A}.Debug|Any CPU.ActiveCfg = Debug|Any CPU
		{6C504345-D9FA-4DED-9E4A-23DC64921E5A}.Debug|Any CPU.Build.0 = Debug|Any CPU
		{6C504345-D9FA-4DED-9E4A-23DC64921E5A}.Release|Any CPU.ActiveCfg = Release|Any CPU
		{6C504345-D9FA-4DED-9E4A-23DC64921E5A}.Release|Any CPU.Build.0 = Release|Any CPU
		{74490B38-5B46-4BF0-9574-C993630B9B00}.Debug|Any CPU.ActiveCfg = Debug|Any CPU
		{74490B38-5B46-4BF0-9574-C993630B9B00}.Debug|Any CPU.Build.0 = Debug|Any CPU
		{74490B38-5B46-4BF0-9574-C993630B9B00}.Release|Any CPU.ActiveCfg = Release|Any CPU
		{74490B38-5B46-4BF0-9574-C993630B9B00}.Release|Any CPU.Build.0 = Release|Any CPU
	EndGlobalSection
	GlobalSection(SolutionProperties) = preSolution
		HideSolutionNode = FALSE
	EndGlobalSection
	GlobalSection(NestedProjects) = preSolution
		{481FDC03-5FE0-4409-A023-357353776060} = {1DA19C8C-957A-4025-92D5-3BA44B7D1D75}
		{26B0C032-9DE1-48A1-B6C7-9A37F0CF4740} = {481FDC03-5FE0-4409-A023-357353776060}
		{48686D09-4E2D-4012-ACBA-137184A39E87} = {1DA19C8C-957A-4025-92D5-3BA44B7D1D75}
		{D052128B-0E00-4EA6-9B74-3D09B3E81A6E} = {48686D09-4E2D-4012-ACBA-137184A39E87}
		{E29AADA7-F9FC-45DA-B783-EEA32E205D9A} = {48686D09-4E2D-4012-ACBA-137184A39E87}
		{38678553-D221-4420-8A4F-36BAD206B957} = {1DA19C8C-957A-4025-92D5-3BA44B7D1D75}
		{82303D14-6A53-4777-89B3-5D9ED0F357A2} = {38678553-D221-4420-8A4F-36BAD206B957}
		{C7404E01-9816-443F-B067-C3318F4E5F0F} = {B60EB396-9DC3-4A61-95B5-73E14AE52103}
		{C4CDF2EA-7BA9-4C70-915C-A355BE33D858} = {B60EB396-9DC3-4A61-95B5-73E14AE52103}
		{D862718F-2AE2-4ECC-B397-3CEA20188C2D} = {B60EB396-9DC3-4A61-95B5-73E14AE52103}
		{51712FD7-14E7-45EA-BF32-B5D71F5E5ACC} = {C4CDF2EA-7BA9-4C70-915C-A355BE33D858}
		{8CC10D81-CB7C-40C1-AA74-477CAABE6ED2} = {C4CDF2EA-7BA9-4C70-915C-A355BE33D858}
		{6C504345-D9FA-4DED-9E4A-23DC64921E5A} = {C7404E01-9816-443F-B067-C3318F4E5F0F}
		{74490B38-5B46-4BF0-9574-C993630B9B00} = {D862718F-2AE2-4ECC-B397-3CEA20188C2D}
	EndGlobalSection
	GlobalSection(ExtensibilityGlobals) = postSolution
		SolutionGuid = {01D38C8C-897B-49B1-873F-735D69428E12}
	EndGlobalSection
EndGlobal
